
Microsoft Visual Studio Solution File, Format Version 12.00
# Visual Studio Version 17
VisualStudioVersion = 17.10.35027.167
MinimumVisualStudioVersion = 10.0.40219.1
Project("{FAE04EC0-301F-11D3-BF4B-00C04F79EFBC}") = "Tienda Arcoiris", "Tienda Arcoiris\Tienda Arcoiris.csproj", "{1D20CA50-FACD-483C-8A0D-BC554F88973C}"
EndProject
Global
	GlobalSection(SolutionConfigurationPlatforms) = preSolution
		Debug|Any CPU = Debug|Any CPU
		Release|Any CPU = Release|Any CPU
	EndGlobalSection
	GlobalSection(ProjectConfigurationPlatforms) = postSolution
		{1D20CA50-FACD-483C-8A0D-BC554F88973C}.Debug|Any CPU.ActiveCfg = Debug|Any CPU
		{1D20CA50-FACD-483C-8A0D-BC554F88973C}.Debug|Any CPU.Build.0 = Debug|Any CPU
		{1D20CA50-FACD-483C-8A0D-BC554F88973C}.Release|Any CPU.ActiveCfg = Release|Any CPU
		{1D20CA50-FACD-483C-8A0D-BC554F88973C}.Release|Any CPU.Build.0 = Release|Any CPU
	EndGlobalSection
	GlobalSection(SolutionProperties) = preSolution
		HideSolutionNode = FALSE
	EndGlobalSection
	GlobalSection(ExtensibilityGlobals) = postSolution
		SolutionGuid = {06C8B5FB-EFA9-49A4-BF8B-7495EF91598E}
	EndGlobalSection
EndGlobal
